Microsoft Visual Studio Solution File, Format Version 11.00
# Visual Studio 2008

Project("{0C07CEF4-CAAB-8209-197B-3E4A69E11B23}") = "ExcelTool", "Assembly-CSharp-vs.csproj", "{1DB27A79-D909-B4AB-3082-41AA8B35887A}"
EndProject
Project("{0C07CEF4-CAAB-8209-197B-3E4A69E11B23}") = "ExcelTool", "Assembly-CSharp-Editor-vs.csproj", "{4F4879DE-FCD7-3DC1-3B79-16EFDBCA451D}"
EndProject
Global
	GlobalSection(SolutionConfigurationPlatforms) = preSolution
		Debug|Any CPU = Debug|Any CPU
		Release|Any CPU = Release|Any CPU
	EndGlobalSection
	GlobalSection(ProjectConfigurationPlatforms) = postSolution
		{1DB27A79-D909-B4AB-3082-41AA8B35887A}.Debug|Any CPU.ActiveCfg = Debug|Any CPU
		{1DB27A79-D909-B4AB-3082-41AA8B35887A}.Debug|Any CPU.Build.0 = Debug|Any CPU
		{1DB27A79-D909-B4AB-3082-41AA8B35887A}.Release|Any CPU.ActiveCfg = Release|Any CPU
		{1DB27A79-D909-B4AB-3082-41AA8B35887A}.Release|Any CPU.Build.0 = Release|Any CPU
		{4F4879DE-FCD7-3DC1-3B79-16EFDBCA451D}.Debug|Any CPU.ActiveCfg = Debug|Any CPU
		{4F4879DE-FCD7-3DC1-3B79-16EFDBCA451D}.Debug|Any CPU.Build.0 = Debug|Any CPU
		{4F4879DE-FCD7-3DC1-3B79-16EFDBCA451D}.Release|Any CPU.ActiveCfg = Release|Any CPU
		{4F4879DE-FCD7-3DC1-3B79-16EFDBCA451D}.Release|Any CPU.Build.0 = Release|Any CPU
	EndGlobalSection
	GlobalSection(SolutionProperties) = preSolution
		HideSolutionNode = FALSE
	EndGlobalSection
						GlobalSection(MonoDevelopProperties) = preSolution
		StartupItem = Assembly-CSharp.csproj
		Policies = $0
		$0.TextStylePolicy = $1
		$1.inheritsSet = null
		$1.scope = text/x-csharp
		$0.CSharpFormattingPolicy = $2
		$2.inheritsSet = Mono
		$2.inheritsScope = text/x-csharp
		$2.scope = text/x-csharp
		$0.TextStylePolicy = $3
		$3.FileWidth = 120
		$3.TabWidth = 4
		$3.EolMarker = Unix
		$3.inheritsSet = Mono
		$3.inheritsScope = text/plain
		$3.scope = text/plain
	EndGlobalSection

EndGlobal
